
Microsoft Visual Studio Solution File, Format Version 12.00
# Visual Studio Version 17
VisualStudioVersion = 17.8.34525.116
MinimumVisualStudioVersion = 10.0.40219.1
Project("{FAE04EC0-301F-11D3-BF4B-00C04F79EFBC}") = "LibraryManagementSystem", "LibraryManagementSystem\LibraryManagementSystem.csproj", "{B988346F-B71C-4216-B341-F4858BBC9A94}"
EndProject
Global
	GlobalSection(SolutionConfigurationPlatforms) = preSolution
		Debug|Any CPU = Debug|Any CPU
		Release|Any CPU = Release|Any CPU
	EndGlobalSection
	GlobalSection(ProjectConfigurationPlatforms) = postSolution
		{B988346F-B71C-4216-B341-F4858BBC9A94}.Debug|Any CPU.ActiveCfg = Debug|Any CPU
		{B988346F-B71C-4216-B341-F4858BBC9A94}.Debug|Any CPU.Build.0 = Debug|Any CPU
		{B988346F-B71C-4216-B341-F4858BBC9A94}.Release|Any CPU.ActiveCfg = Release|Any CPU
		{B988346F-B71C-4216-B341-F4858BBC9A94}.Release|Any CPU.Build.0 = Release|Any CPU
	EndGlobalSection
	GlobalSection(SolutionProperties) = preSolution
		HideSolutionNode = FALSE
	EndGlobalSection
	GlobalSection(ExtensibilityGlobals) = postSolution
		SolutionGuid = {6D6E4526-79F5-4C6D-AA2C-81AE693FD32C}
	EndGlobalSection
EndGlobal
